
Microsoft Visual Studio Solution File, Format Version 12.00
# Visual Studio Version 17
VisualStudioVersion = 17.9.34728.123
MinimumVisualStudioVersion = 10.0.40219.1
Project("{FAE04EC0-301F-11D3-BF4B-00C04F79EFBC}") = "CSC202 Moonbase Alpha Simulation", "CSC202 Moonbase Alpha Simulation.csproj", "{3B2B0E0A-FDE3-4A08-BADC-1DE210432DAB}"
EndProject
Global
	GlobalSection(SolutionConfigurationPlatforms) = preSolution
		Debug|Any CPU = Debug|Any CPU
		Release|Any CPU = Release|Any CPU
	EndGlobalSection
	GlobalSection(ProjectConfigurationPlatforms) = postSolution
		{3B2B0E0A-FDE3-4A08-BADC-1DE210432DAB}.Debug|Any CPU.ActiveCfg = Debug|Any CPU
		{3B2B0E0A-FDE3-4A08-BADC-1DE210432DAB}.Debug|Any CPU.Build.0 = Debug|Any CPU
		{3B2B0E0A-FDE3-4A08-BADC-1DE210432DAB}.Release|Any CPU.ActiveCfg = Release|Any CPU
		{3B2B0E0A-FDE3-4A08-BADC-1DE210432DAB}.Release|Any CPU.Build.0 = Release|Any CPU
	EndGlobalSection
	GlobalSection(SolutionProperties) = preSolution
		HideSolutionNode = FALSE
	EndGlobalSection
	GlobalSection(ExtensibilityGlobals) = postSolution
		SolutionGuid = {A5E9D1D6-270F-4C12-A8CC-BE27ACF12C47}
	EndGlobalSection
EndGlobal
